
Microsoft Visual Studio Solution File, Format Version 12.00
# Visual Studio Version 16
VisualStudioVersion = 16.0.29306.81
MinimumVisualStudioVersion = 10.0.40219.1
Project("{FAE04EC0-301F-11D3-BF4B-00C04F79EFBC}") = "Freelancer_API", "Freelancer_API\Freelancer_API.csproj", "{3D1307A6-797C-4F87-A5E9-D21D9B06680A}"
EndProject
Project("{00D1A9C2-B5F0-4AF3-8072-F6C62B433612}") = "Freelancer_Database", "Freelancer_Database\Freelancer_Database.sqlproj", "{6DE13966-BD64-4081-B085-659FFA7C9B08}"
EndProject
Project("{FAE04EC0-301F-11D3-BF4B-00C04F79EFBC}") = "Freelancer_Data", "Freelancer_Data\Freelancer_Data.csproj", "{E29EBDD7-FC7D-4790-8BC9-B09190A8BD28}"
EndProject
Project("{FAE04EC0-301F-11D3-BF4B-00C04F79EFBC}") = "Freelancer_API_Test", "Freelancer_API_Test\Freelancer_API_Test.csproj", "{7C2B836E-7DB5-4C4C-9777-FC5830B3544A}"
EndProject
Global
	GlobalSection(SolutionConfigurationPlatforms) = preSolution
		Debug|Any CPU = Debug|Any CPU
		Release|Any CPU = Release|Any CPU
	EndGlobalSection
	GlobalSection(ProjectConfigurationPlatforms) = postSolution
		{3D1307A6-797C-4F87-A5E9-D21D9B06680A}.Debug|Any CPU.ActiveCfg = Debug|Any CPU
		{3D1307A6-797C-4F87-A5E9-D21D9B06680A}.Debug|Any CPU.Build.0 = Debug|Any CPU
		{3D1307A6-797C-4F87-A5E9-D21D9B06680A}.Release|Any CPU.ActiveCfg = Release|Any CPU
		{3D1307A6-797C-4F87-A5E9-D21D9B06680A}.Release|Any CPU.Build.0 = Release|Any CPU
		{6DE13966-BD64-4081-B085-659FFA7C9B08}.Debug|Any CPU.ActiveCfg = Debug|Any CPU
		{6DE13966-BD64-4081-B085-659FFA7C9B08}.Debug|Any CPU.Build.0 = Debug|Any CPU
		{6DE13966-BD64-4081-B085-659FFA7C9B08}.Debug|Any CPU.Deploy.0 = Debug|Any CPU
		{6DE13966-BD64-4081-B085-659FFA7C9B08}.Release|Any CPU.ActiveCfg = Release|Any CPU
		{6DE13966-BD64-4081-B085-659FFA7C9B08}.Release|Any CPU.Build.0 = Release|Any CPU
		{6DE13966-BD64-4081-B085-659FFA7C9B08}.Release|Any CPU.Deploy.0 = Release|Any CPU
		{E29EBDD7-FC7D-4790-8BC9-B09190A8BD28}.Debug|Any CPU.ActiveCfg = Debug|Any CPU
		{E29EBDD7-FC7D-4790-8BC9-B09190A8BD28}.Debug|Any CPU.Build.0 = Debug|Any CPU
		{E29EBDD7-FC7D-4790-8BC9-B09190A8BD28}.Release|Any CPU.ActiveCfg = Release|Any CPU
		{E29EBDD7-FC7D-4790-8BC9-B09190A8BD28}.Release|Any CPU.Build.0 = Release|Any CPU
		{7C2B836E-7DB5-4C4C-9777-FC5830B3544A}.Debug|Any CPU.ActiveCfg = Debug|Any CPU
		{7C2B836E-7DB5-4C4C-9777-FC5830B3544A}.Debug|Any CPU.Build.0 = Debug|Any CPU
		{7C2B836E-7DB5-4C4C-9777-FC5830B3544A}.Release|Any CPU.ActiveCfg = Release|Any CPU
		{7C2B836E-7DB5-4C4C-9777-FC5830B3544A}.Release|Any CPU.Build.0 = Release|Any CPU
	EndGlobalSection
	GlobalSection(SolutionProperties) = preSolution
		HideSolutionNode = FALSE
	EndGlobalSection
	GlobalSection(ExtensibilityGlobals) = postSolution
		SolutionGuid = {0F7AD694-403D-4B1E-991F-824F2BF5377F}
	EndGlobalSection
EndGlobal
